schema: '2.0'
stages:
  ingestion:
    cmd: pixi run --frozen -e dev python scripts/ingest_data.py
    deps:
    - path: scripts/ingest_data.py
      hash: md5
      md5: 252699c9b9439376ffff4c510e27a1fe
      size: 2833
    - path: src/taxon_vision/data/inat_client.py
      hash: md5
      md5: 6f925d7c31fd3d16da8bc5640ca4c470
      size: 4834
    - path: src/taxon_vision/data/license_filter.py
      hash: md5
      md5: 9d53e65484b212283079875587a0dca3
      size: 5367
    params:
      config/params.yaml:
        ingestion.per_page: 200
        ingestion.taxa_to_fetch:
        - 47120
        - 47119
        - 47114
    outs:
    - path: data/manifests
      hash: md5
      md5: e1ead79bbe4bac3b0b80cf0d11a68d6b.dir
      size: 10745
      nfiles: 1
  train:
    cmd: pixi run --frozen -e dev python -m taxon_vision.models.trainer --epochs
      5 --extractor mobilenetv4_conv_small
    deps:
    - path: data/manifests
      hash: md5
      md5: e1ead79bbe4bac3b0b80cf0d11a68d6b.dir
      size: 10745
      nfiles: 1
    - path: src/taxon_vision/models/
      hash: md5
      md5: 6a2ef4f6175d585137a01862f7641a96.dir
      size: 178708
      nfiles: 31
    params:
      config/params.yaml:
        training.epochs: 5
        training.extractor: dinov3
    outs:
    - path: models/checkpoints/head.pt
      hash: md5
      md5: 4ad8dd53fd46a1db2e4dbab78b038e90
      size: 16838
